
Microsoft Visual Studio Solution File, Format Version 12.00
# Visual Studio Version 17
VisualStudioVersion = 17.1.32210.238
MinimumVisualStudioVersion = 10.0.40219.1
Project("{FAE04EC0-301F-11D3-BF4B-00C04F79EFBC}") = "Pipe_c_sharp", "Pipe_c_sharp\Pipe_c_sharp.csproj", "{FAC81E20-6C8C-4EE2-A086-2C6C4701D6D2}"
EndProject
Global
	GlobalSection(SolutionConfigurationPlatforms) = preSolution
		Debug|Any CPU = Debug|Any CPU
		Release|Any CPU = Release|Any CPU
	EndGlobalSection
	GlobalSection(ProjectConfigurationPlatforms) = postSolution
		{FAC81E20-6C8C-4EE2-A086-2C6C4701D6D2}.Debug|Any CPU.ActiveCfg = Debug|Any CPU
		{FAC81E20-6C8C-4EE2-A086-2C6C4701D6D2}.Debug|Any CPU.Build.0 = Debug|Any CPU
		{FAC81E20-6C8C-4EE2-A086-2C6C4701D6D2}.Release|Any CPU.ActiveCfg = Release|Any CPU
		{FAC81E20-6C8C-4EE2-A086-2C6C4701D6D2}.Release|Any CPU.Build.0 = Release|Any CPU
	EndGlobalSection
	GlobalSection(SolutionProperties) = preSolution
		HideSolutionNode = FALSE
	EndGlobalSection
	GlobalSection(ExtensibilityGlobals) = postSolution
		SolutionGuid = {CA757E4C-12BB-4EF0-B1D6-BC4B9718AD68}
	EndGlobalSection
EndGlobal
